{
    "_meta": {
        "hash": {
            "sha256": "f9e92f39f58c8b13e7c60cfc381fff4db37f0820b847ddce62b80abd9946b3e2"
        },
        "host-environment-markers": {
            "implementation_name": "cpython",
            "implementation_version": "3.6.0",
            "os_name": "posix",
            "platform_machine": "x86_64",
            "platform_python_implementation": "CPython",
            "platform_release": "16.7.0",
            "platform_system": "Darwin",
            "platform_version": "Darwin Kernel Version 16.7.0: Mon Nov 13 21:56:25 PST 2017; root:xnu-3789.72.11~1/RELEASE_X86_64",
            "python_full_version": "3.6.0",
            "python_version": "3.6",
            "sys_platform": "darwin"
        },
        "pipfile-spec": 6,
        "requires": {},
        "sources": [
            {
                "name": "pypi",
                "url": "https://pypi.python.org/simple",
                "verify_ssl": true
            }
        ]
    },
    "default": {
        "clarifai": {
            "hashes": [
                "sha256:22d6fee00881e6c505285b9249c64e23c84599027530445b4fdb2e69c61f33a7",
                "sha256:7c1b3e30ecfefcaeedc191508ec71d5b64673b51ef2886c561f6883d03114723"
            ],
            "version": "==2.0.33"
        },
        "configparser": {
            "hashes": [
                "sha256:5308b47021bc2340965c371f0f058cc6971a04502638d4244225c49d80db273a"
            ],
            "version": "==3.5.0"
        },
        "easyprocess": {
            "hashes": [
                "sha256:94e241cadc9a46f55b5c06000df85618849602e7e1865b8de87576b90a22e61f"
            ],
            "version": "==0.2.3"
        },
        "emoji": {
            "hashes": [
                "sha256:a06410d5fec2bb81a80d215d9280779492b109bfc79f87e977a8299380802d9c",
                "sha256:d8bc4a528b0584b755cc160d98a8e6169d4896f2a5be8a964815517ae7ab298e"
            ],
            "version": "==0.4.5"
        },
        "enum34": {
            "hashes": [
                "sha256:6bd0f6ad48ec2aa117d3d141940d484deccda84d4fcd884f5c3d93c23ecd8c79",
                "sha256:644837f692e5f550741432dd3f223bbb9852018674981b1664e5dc339387588a",
                "sha256:8ad8c4783bf61ded74527bffb48ed9b54166685e4230386a9ed9b1279e2df5b1",
                "sha256:2d81cbbe0e73112bdfe6ef8576f2238f2ba27dd0d55752a776c41d38b7da2850"
            ],
            "version": "==1.1.6"
        },
        "future": {
            "hashes": [
                "sha256:3d3b193f20ca62ba7d8782589922878820d0a023b885882deec830adbf639b97"
            ],
            "version": "==0.15.2"
        },
        "jsonschema": {
            "hashes": [
                "sha256:71e7b3bcf9fca408bcb65bb60892f375d3abdd2e4f296eeeb8fe0bbbfcde598e",
                "sha256:36673ac378feed3daa5956276a829699056523d7961027911f064b52255ead41",
                "sha256:9088494da4c74497a7a27842ae4ca9c3355b5f7754121edc440463eaf020f079"
            ],
            "version": "==2.5.1"
        },
        "pillow": {
            "hashes": [
                "sha256:9d0fc0b2a86fadba3abd0776c4fae37617e0aeaf481cb2f23f0e66ef015e6285",
                "sha256:8475d8697d76b7925caf430d34cb874dbff737ff3d52cdca8d11513505fee866",
                "sha256:99b03b44d808a1f0be6f807b301c124bf5d9cce090f18ed32c2c88e30bd9c714",
                "sha256:7285180ee2fc1b2cbe751d767a83bd19a3ceaf2262f1f547085e31f22369ef35",
                "sha256:766c01fc8e49c1d5e1419b130c54d4d959da62e32fa381f62a02a9fdb5108481",
                "sha256:ca61822a9be2734d7c59ddc977b542887e7fafc75da716ae9347c6a9fb075a38",
                "sha256:43c400b3b539e4cdec0fc277e2a2f37efef31041295cfbd28c7187506823305c",
                "sha256:57716fe770005a98792de80b0e47efc70a889e6c828dd8d120839c270fe10f4b",
                "sha256:f9f047405e83eef06ad16f78da81e45d5ea97da8d46877acdc4428619aff5f99",
                "sha256:6ccdb949c59174d5f7f0309f83adc437df7a744e55adbd71990c338e57f8447c",
                "sha256:ff9c71f98cb9dfdc8c8878685f25cd8094fae3a286802510de7f47f89336e1e2",
                "sha256:6e23df2ec9dcc26b2d23d73806cff13f9586a56c4319262634a5208d390b2fe1",
                "sha256:aefb41723eac1b74581b858d9cfc2587858233ee6c95e0178a1c691f046f7aa6",
                "sha256:f79b9c5197378071357213834dcb967053898fcb52842713b0ece6fdb4858680",
                "sha256:4e7fe38e47c1aa4e34a7151cf2ee97d0753dca671d30fd83925d9f489b1efedc",
                "sha256:05b4802d2f4146a9209dbe41c8ce1a00be3727a26656f48ad5b804281606a56a",
                "sha256:711a7e54ee51f62367a1373a4de9b8e68e3f1b0f3cf0fa1f3bb4eab0777921c8",
                "sha256:1ad2e1c85465db6be204abb4e168575f7ff3d83e31a2834739d44cd26834cea2",
                "sha256:844381bbe2ef995e232502a910abb5c858c63e5ce3e944e351080d8592a083ba",
                "sha256:013f82502028616e0ebfcba31d6e2b76d9a3ea5676c59d6744c5c5232a09fcf1",
                "sha256:749ba7d4efa762f0b519139d6ebdeee50ef05a54dfd1ae1b529546f14ae0c972",
                "sha256:c0ee867491e8a65b0c269e4037411c48ab5e24cedccae76ce3c2767a583b1fb4",
                "sha256:e1449ece0aabab08cc667e5ff04fa7a577fa5f48f1ece4fc37b4e704d64cc115",
                "sha256:b9896697e1f02d30dedfbfce93aaedcecf9c52f2d19bba73a857fe6a6c1a57a5",
                "sha256:0f179d7e75e7c83b6341b9595ca1f394de7081484a9e352ad66d553a1c3daa29",
                "sha256:b2a9da24c5c5023616ef04ae3775d46963571316020114d8da4aa313af54d009",
                "sha256:5720351c035e0d0b30937b7f46acb7479c7fb63bf103a73cd053b3339af8fc00",
                "sha256:50adb3820f6386536333f2149b49e4092d275267c0a2b8197161556da30af138",
                "sha256:6ac79569461a7ab0e0ff253d2241c550bffb74d42d5e103e992e6922d7bc62bf",
                "sha256:3165d5274c037f8cecef80742758a9acfe6830ea90545434ee5b65a4d307237a",
                "sha256:1b28508ad43a582ba81144578ca602031f668b01d7ff4ced0f4c93b2223bdb0c",
                "sha256:ec163b7277c1c9ec6365c839c85c46cb01d1bb66137231ec5b97b34bb794b486",
                "sha256:7ccdad8db00a0e6a6ad420ba67ca16c976b8217a4179eb3bc5fa57f933665973",
                "sha256:7bc1d8d0cbb4c758ec138ccf7443e11d8bd49a86b58adc291c801e6c818c46a0",
                "sha256:d6037a18d74891b7b5c6f951df250712e327818288011496573c7050c3f6aa1c",
                "sha256:d1db8dfed77547076037d589b598e04f2cbc1a7835d3d3f137bf20c8994854d5"
            ],
            "version": "==2.9.0"
        },
        "pyvirtualdisplay": {
            "hashes": [
                "sha256:012883851a992f9c53f0dc6a512765a95cf241bdb734af79e6bdfef95c6e9982"
            ],
            "version": "==0.2.1"
        },
        "requests": {
            "hashes": [
                "sha256:1a720e8862a41aa22e339373b526f508ef0c8988baf48b84d3fc891a8e237efb",
                "sha256:5722cd09762faa01276230270ff16af7acf7c5c45d623868d9ba116f15791ce8"
            ],
            "version": "==2.13.0"
        },
        "selenium": {
            "hashes": [
                "sha256:5acb9cdbc2d1a7fbb3e16a8ce9246211cc371f0367ad9c6bc2273cca60a6b045",
                "sha256:9abd2dbd4a5e9b778483ce7e5adf1ea9364fcbc29da488e979213c825a1515d3"
            ],
            "version": "==3.8.1"
        }
    },
    "develop": {}
}
